// !$*UTF8*$!
{
	archiveVersion = 1;
	classes = {
	};
	objectVersion = 56;
	objects = {

/* Begin PBXFileReference section */
		FE59E4242BC3AE9A00BFC61F /* Stack.playground */ = {isa = PBXFileReference; lastKnownFileType = file.playground; path = Stack.playground; sourceTree = "<group>"; xcLanguageSpecificationIdentifier = xcode.lang.swift; };
		FEFA45B82BB6A6E100F3448A /* LinkedList.playground */ = {isa = PBXFileReference; lastKnownFileType = file.playground; path = LinkedList.playground; sourceTree = "<group>"; xcLanguageSpecificationIdentifier = xcode.lang.swift; };
/* End PBXFileReference section */

/* Begin PBXGroup section */
		FEFA45B12BB6A6A300F3448A = {
			isa = PBXGroup;
			children = (
				FE59E4242BC3AE9A00BFC61F /* Stack.playground */,
				FEFA45B82BB6A6E100F3448A /* LinkedList.playground */,
			);
			sourceTree = "<group>";
		};
/* End PBXGroup section */

/* Begin PBXProject section */
		FEFA45B22BB6A6A300F3448A /* Project object */ = {
			isa = PBXProject;
			attributes = {
				BuildIndependentTargetsInParallel = 1;
				LastUpgradeCheck = 1500;
			};
			buildConfigurationList = FEFA45B52BB6A6A300F3448A /* Build configuration list for PBXProject "Data-Structure" */;
			compatibilityVersion = "Xcode 14.0";
			developmentRegion = en;
			hasScannedForEncodings = 0;
			knownRegions = (
				en,
				Base,
			);
			mainGroup = FEFA45B12BB6A6A300F3448A;
			projectDirPath = "";
			projectRoot = "";
			targets = (
			);
		};
/* End PBXProject section */

/* Begin XCBuildConfiguration section */
		FEFA45B62BB6A6A300F3448A /* Debug */ = {
			isa = XCBuildConfiguration;
			buildSettings = {
			};
			name = Debug;
		};
		FEFA45B72BB6A6A300F3448A /* Release */ = {
			isa = XCBuildConfiguration;
			buildSettings = {
			};
			name = Release;
		};
/* End XCBuildConfiguration section */

/* Begin XCConfigurationList section */
		FEFA45B52BB6A6A300F3448A /* Build configuration list for PBXProject "Data-Structure" */ = {
			isa = XCConfigurationList;
			buildConfigurations = (
				FEFA45B62BB6A6A300F3448A /* Debug */,
				FEFA45B72BB6A6A300F3448A /* Release */,
			);
			defaultConfigurationIsVisible = 0;
			defaultConfigurationName = Release;
		};
/* End XCConfigurationList section */
	};
	rootObject = FEFA45B22BB6A6A300F3448A /* Project object */;
}
